
Microsoft Visual Studio Solution File, Format Version 12.00
# Visual Studio Version 16
VisualStudioVersion = 16.0.30611.23
MinimumVisualStudioVersion = 10.0.40219.1
Project("{FAE04EC0-301F-11D3-BF4B-00C04F79EFBC}") = "ACM.BL", "ACM.BL\ACM.BL.csproj", "{8E68C627-460B-4B85-9654-9FA7619D8F39}"
EndProject
Project("{2150E333-8FDC-42A3-9474-1A3956D46DE8}") = "Tests", "Tests", "{D33AD6B3-5C4A-43C1-A538-362378CEAFA1}"
EndProject
Project("{FAE04EC0-301F-11D3-BF4B-00C04F79EFBC}") = "ACM.BLTest", "ACM.BLTest\ACM.BLTest.csproj", "{B7994C6A-0987-44D0-B090-2879B098D39D}"
EndProject
Global
	GlobalSection(SolutionConfigurationPlatforms) = preSolution
		Debug|Any CPU = Debug|Any CPU
		Release|Any CPU = Release|Any CPU
	EndGlobalSection
	GlobalSection(ProjectConfigurationPlatforms) = postSolution
		{8E68C627-460B-4B85-9654-9FA7619D8F39}.Debug|Any CPU.ActiveCfg = Debug|Any CPU
		{8E68C627-460B-4B85-9654-9FA7619D8F39}.Debug|Any CPU.Build.0 = Debug|Any CPU
		{8E68C627-460B-4B85-9654-9FA7619D8F39}.Release|Any CPU.ActiveCfg = Release|Any CPU
		{8E68C627-460B-4B85-9654-9FA7619D8F39}.Release|Any CPU.Build.0 = Release|Any CPU
		{B7994C6A-0987-44D0-B090-2879B098D39D}.Debug|Any CPU.ActiveCfg = Debug|Any CPU
		{B7994C6A-0987-44D0-B090-2879B098D39D}.Debug|Any CPU.Build.0 = Debug|Any CPU
		{B7994C6A-0987-44D0-B090-2879B098D39D}.Release|Any CPU.ActiveCfg = Release|Any CPU
		{B7994C6A-0987-44D0-B090-2879B098D39D}.Release|Any CPU.Build.0 = Release|Any CPU
	EndGlobalSection
	GlobalSection(SolutionProperties) = preSolution
		HideSolutionNode = FALSE
	EndGlobalSection
	GlobalSection(NestedProjects) = preSolution
		{B7994C6A-0987-44D0-B090-2879B098D39D} = {D33AD6B3-5C4A-43C1-A538-362378CEAFA1}
	EndGlobalSection
	GlobalSection(ExtensibilityGlobals) = postSolution
		SolutionGuid = {ED535191-364C-4D02-8F0E-B7E2AFACB12F}
	EndGlobalSection
EndGlobal
